
Microsoft Visual Studio Solution File, Format Version 12.00
# Visual Studio 2012
Project("{FAE04EC0-301F-11D3-BF4B-00C04F79EFBC}") = "EmbeddedSensorCloud", "EmbeddedSensorCloud\EmbeddedSensorCloud.csproj", "{26D5472C-A198-4197-87B3-39F7370D808B}"
EndProject
Project("{FAE04EC0-301F-11D3-BF4B-00C04F79EFBC}") = "CTemperature", "CTemperature\CTemperature.csproj", "{90A876B2-26CA-429D-B216-474343973D05}"
EndProject
Project("{FAE04EC0-301F-11D3-BF4B-00C04F79EFBC}") = "CStatic", "CStatic\CStatic.csproj", "{B3F93035-7BD0-48CE-8B12-422A9CB8A28E}"
EndProject
Project("{FAE04EC0-301F-11D3-BF4B-00C04F79EFBC}") = "CNavi", "CNavi\CNavi.csproj", "{273E4EED-C01A-4F40-8524-0860DA54297D}"
EndProject
Global
	GlobalSection(SolutionConfigurationPlatforms) = preSolution
		Debug|Any CPU = Debug|Any CPU
		Release|Any CPU = Release|Any CPU
	EndGlobalSection
	GlobalSection(ProjectConfigurationPlatforms) = postSolution
		{26D5472C-A198-4197-87B3-39F7370D808B}.Debug|Any CPU.ActiveCfg = Debug|Any CPU
		{26D5472C-A198-4197-87B3-39F7370D808B}.Debug|Any CPU.Build.0 = Debug|Any CPU
		{26D5472C-A198-4197-87B3-39F7370D808B}.Release|Any CPU.ActiveCfg = Release|Any CPU
		{26D5472C-A198-4197-87B3-39F7370D808B}.Release|Any CPU.Build.0 = Release|Any CPU
		{90A876B2-26CA-429D-B216-474343973D05}.Debug|Any CPU.ActiveCfg = Debug|Any CPU
		{90A876B2-26CA-429D-B216-474343973D05}.Debug|Any CPU.Build.0 = Debug|Any CPU
		{90A876B2-26CA-429D-B216-474343973D05}.Release|Any CPU.ActiveCfg = Release|Any CPU
		{90A876B2-26CA-429D-B216-474343973D05}.Release|Any CPU.Build.0 = Release|Any CPU
		{B3F93035-7BD0-48CE-8B12-422A9CB8A28E}.Debug|Any CPU.ActiveCfg = Debug|Any CPU
		{B3F93035-7BD0-48CE-8B12-422A9CB8A28E}.Debug|Any CPU.Build.0 = Debug|Any CPU
		{B3F93035-7BD0-48CE-8B12-422A9CB8A28E}.Release|Any CPU.ActiveCfg = Release|Any CPU
		{B3F93035-7BD0-48CE-8B12-422A9CB8A28E}.Release|Any CPU.Build.0 = Release|Any CPU
		{273E4EED-C01A-4F40-8524-0860DA54297D}.Debug|Any CPU.ActiveCfg = Debug|Any CPU
		{273E4EED-C01A-4F40-8524-0860DA54297D}.Debug|Any CPU.Build.0 = Debug|Any CPU
		{273E4EED-C01A-4F40-8524-0860DA54297D}.Release|Any CPU.ActiveCfg = Release|Any CPU
		{273E4EED-C01A-4F40-8524-0860DA54297D}.Release|Any CPU.Build.0 = Release|Any CPU
	EndGlobalSection
	GlobalSection(SolutionProperties) = preSolution
		HideSolutionNode = FALSE
	EndGlobalSection
EndGlobal
